// !$*UTF8*$!
{
	archiveVersion = 1;
	classes = {
	};
	objectVersion = 46;
	objects = {

/* Begin PBXBuildFile section */
		80F911ED1E2D13DB004A2B85 /* AppDelegate.swift in Sources */ = {isa = PBXBuildFile; fileRef = 80F911EC1E2D13DB004A2B85 /* AppDelegate.swift */; };
		80F911EF1E2D13DB004A2B85 /* .gitignore in Resources */ = {isa = PBXBuildFile; fileRef = 80F911EE1E2D13DB004A2B85 /* .gitignore */; };
		80F911F11E2D13DB004A2B85 /* .swiftlint.yml in Resources */ = {isa = PBXBuildFile; fileRef = 80F911F01E2D13DB004A2B85 /* .swiftlint.yml */; };
		80F911F41E2D13DB004A2B85 /* ViewController.swift in Sources */ = {isa = PBXBuildFile; fileRef = 80F911F31E2D13DB004A2B85 /* ViewController.swift */; };
		80F911F71E2D13DB004A2B85 /* Main.storyboard in Resources */ = {isa = PBXBuildFile; fileRef = 80F911F51E2D13DB004A2B85 /* Main.storyboard */; };
		80F911F91E2D13DB004A2B85 /* Assets.xcassets in Resources */ = {isa = PBXBuildFile; fileRef = 80F911F81E2D13DB004A2B85 /* Assets.xcassets */; };
		80F911FC1E2D13DB004A2B85 /* LaunchScreen.storyboard in Resources */ = {isa = PBXBuildFile; fileRef = 80F911FA1E2D13DB004A2B85 /* LaunchScreen.storyboard */; };
/* End PBXBuildFile section */

/* Begin PBXFileReference section */
		80F911E91E2D13DB004A2B85 /* test.app */ = {isa = PBXFileReference; explicitFileType = wrapper.application; includeInIndex = 0; path = test.app; sourceTree = BUILT_PRODUCTS_DIR; };
		80F911EC1E2D13DB004A2B85 /* AppDelegate.swift */ = {isa = PBXFileReference; lastKnownFileType = sourcecode.swift; path = AppDelegate.swift; sourceTree = "<group>"; };
		80F911EE1E2D13DB004A2B85 /* .gitignore */ = {isa = PBXFileReference; lastKnownFileType = text; name = .gitignore; path = ../.gitignore; sourceTree = "<group>"; };
		80F911F01E2D13DB004A2B85 /* .swiftlint.yml */ = {isa = PBXFileReference; lastKnownFileType = text; name = .swiftlint.yml; path = ../.swiftlint.yml; sourceTree = "<group>"; };
		80F911F21E2D13DB004A2B85 /* OCBridgeHeader.h */ = {isa = PBXFileReference; lastKnownFileType = sourcecode.c.h; path = OCBridgeHeader.h; sourceTree = "<group>"; };
		80F911F31E2D13DB004A2B85 /* ViewController.swift */ = {isa = PBXFileReference; lastKnownFileType = sourcecode.swift; path = ViewController.swift; sourceTree = "<group>"; };
		80F911F61E2D13DB004A2B85 /* Base */ = {isa = PBXFileReference; lastKnownFileType = file.storyboard; name = Base; path = Base.lproj/Main.storyboard; sourceTree = "<group>"; };
		80F911F81E2D13DB004A2B85 /* Assets.xcassets */ = {isa = PBXFileReference; lastKnownFileType = folder.assetcatalog; path = Assets.xcassets; sourceTree = "<group>"; };
		80F911FB1E2D13DB004A2B85 /* Base */ = {isa = PBXFileReference; lastKnownFileType = file.storyboard; name = Base; path = Base.lproj/LaunchScreen.storyboard; sourceTree = "<group>"; };
		80F911FD1E2D13DB004A2B85 /* Info.plist */ = {isa = PBXFileReference; lastKnownFileType = text.plist.xml; path = Info.plist; sourceTree = "<group>"; };
/* End PBXFileReference section */

/* Begin PBXFrameworksBuildPhase section */
		80F911E61E2D13DB004A2B85 /* Frameworks */ = {
			isa = PBXFrameworksBuildPhase;
			buildActionMask = 2147483647;
			files = (
			);
			runOnlyForDeploymentPostprocessing = 0;
		};
/* End PBXFrameworksBuildPhase section */

/* Begin PBXGroup section */
		80F911E01E2D13DB004A2B85 = {
			isa = PBXGroup;
			children = (
				80F911EB1E2D13DB004A2B85 /* test */,
				80F911EA1E2D13DB004A2B85 /* Products */,
			);
			sourceTree = "<group>";
		};
		80F911EA1E2D13DB004A2B85 /* Products */ = {
			isa = PBXGroup;
			children = (
				80F911E91E2D13DB004A2B85 /* test.app */,
			);
			name = Products;
			sourceTree = "<group>";
		};
		80F911EB1E2D13DB004A2B85 /* test */ = {
			isa = PBXGroup;
			children = (
				80F911EC1E2D13DB004A2B85 /* AppDelegate.swift */,
				80F911EE1E2D13DB004A2B85 /* .gitignore */,
				80F911F01E2D13DB004A2B85 /* .swiftlint.yml */,
				80F911F21E2D13DB004A2B85 /* OCBridgeHeader.h */,
				80F911F31E2D13DB004A2B85 /* ViewController.swift */,
				80F911F51E2D13DB004A2B85 /* Main.storyboard */,
				80F911F81E2D13DB004A2B85 /* Assets.xcassets */,
				80F911FA1E2D13DB004A2B85 /* LaunchScreen.storyboard */,
				80F911FD1E2D13DB004A2B85 /* Info.plist */,
			);
			path = test;
			sourceTree = "<group>";
		};
/* End PBXGroup section */

/* Begin PBXNativeTarget section */
		80F911E81E2D13DB004A2B85 /* test */ = {
			isa = PBXNativeTarget;
			buildConfigurationList = 80F912001E2D13DB004A2B85 /* Build configuration list for PBXNativeTarget "test" */;
			buildPhases = (
				80F911E51E2D13DB004A2B85 /* Sources */,
				80F911E61E2D13DB004A2B85 /* Frameworks */,
				80F911E71E2D13DB004A2B85 /* Resources */,
			);
			buildRules = (
			);
			dependencies = (
			);
			name = test;
			productName = test;
			productReference = 80F911E91E2D13DB004A2B85 /* test.app */;
			productType = "com.apple.product-type.application";
		};
/* End PBXNativeTarget section */

/* Begin PBXProject section */
		80F911E11E2D13DB004A2B85 /* Project object */ = {
			isa = PBXProject;
			attributes = {
				LastSwiftUpdateCheck = 0820;
				LastUpgradeCheck = 0820;
				ORGANIZATIONNAME = hlm;
				TargetAttributes = {
					80F911E81E2D13DB004A2B85 = {
						CreatedOnToolsVersion = 8.2.1;
						ProvisioningStyle = Automatic;
					};
				};
			};
			buildConfigurationList = 80F911E41E2D13DB004A2B85 /* Build configuration list for PBXProject "test" */;
			compatibilityVersion = "Xcode 3.2";
			developmentRegion = English;
			hasScannedForEncodings = 0;
			knownRegions = (
				en,
				Base,
			);
			mainGroup = 80F911E01E2D13DB004A2B85;
			productRefGroup = 80F911EA1E2D13DB004A2B85 /* Products */;
			projectDirPath = "";
			projectRoot = "";
			targets = (
				80F911E81E2D13DB004A2B85 /* test */,
			);
		};
/* End PBXProject section */

/* Begin PBXResourcesBuildPhase section */
		80F911E71E2D13DB004A2B85 /* Resources */ = {
			isa = PBXResourcesBuildPhase;
			buildActionMask = 2147483647;
			files = (
				80F911F71E2D13DB004A2B85 /* Main.storyboard in Resources */,
				80F911F11E2D13DB004A2B85 /* .swiftlint.yml in Resources */,
				80F911F91E2D13DB004A2B85 /* Assets.xcassets in Resources */,
				80F911FC1E2D13DB004A2B85 /* LaunchScreen.storyboard in Resources */,
				80F911EF1E2D13DB004A2B85 /* .gitignore in Resources */,
			);
			runOnlyForDeploymentPostprocessing = 0;
		};
/* End PBXResourcesBuildPhase section */

/* Begin PBXSourcesBuildPhase section */
		80F911E51E2D13DB004A2B85 /* Sources */ = {
			isa = PBXSourcesBuildPhase;
			buildActionMask = 2147483647;
			files = (
				80F911F41E2D13DB004A2B85 /* ViewController.swift in Sources */,
				80F911ED1E2D13DB004A2B85 /* AppDelegate.swift in Sources */,
			);
			runOnlyForDeploymentPostprocessing = 0;
		};
/* End PBXSourcesBuildPhase section */

/* Begin PBXVariantGroup section */
		80F911F51E2D13DB004A2B85 /* Main.storyboard */ = {
			isa = PBXVariantGroup;
			children = (
				80F911F61E2D13DB004A2B85 /* Base */,
			);
			name = Main.storyboard;
			sourceTree = "<group>";
		};
		80F911FA1E2D13DB004A2B85 /* LaunchScreen.storyboard */ = {
			isa = PBXVariantGroup;
			children = (
				80F911FB1E2D13DB004A2B85 /* Base */,
			);
			name = LaunchScreen.storyboard;
			sourceTree = "<group>";
		};
/* End PBXVariantGroup section */

/* Begin XCBuildConfiguration section */
		80F911FE1E2D13DB004A2B85 /* Debug */ = {
			isa = XCBuildConfiguration;
			buildSettings = {
				ALWAYS_SEARCH_USER_PATHS = NO;
				CLANG_ANALYZER_NONNULL = YES;
				CLANG_CXX_LANGUAGE_STANDARD = "gnu++0x";
				CLANG_CXX_LIBRARY = "libc++";
				CLANG_ENABLE_MODULES = YES;
				CLANG_ENABLE_OBJC_ARC = YES;
				CLANG_WARN_BOOL_CONVERSION = YES;
				CLANG_WARN_CONSTANT_CONVERSION = YES;
				CLANG_WARN_DIRECT_OBJC_ISA_USAGE = YES_ERROR;
				CLANG_WARN_DOCUMENTATION_COMMENTS = YES;
				CLANG_WARN_EMPTY_BODY = YES;
				CLANG_WARN_ENUM_CONVERSION = YES;
				CLANG_WARN_INFINITE_RECURSION = YES;
				CLANG_WARN_INT_CONVERSION = YES;
				CLANG_WARN_OBJC_ROOT_CLASS = YES_ERROR;
				CLANG_WARN_SUSPICIOUS_MOVE = YES;
				CLANG_WARN_UNREACHABLE_CODE = YES;
				CLANG_WARN__DUPLICATE_METHOD_MATCH = YES;
				"CODE_SIGN_IDENTITY[sdk=iphoneos*]" = "iPhone Developer";
				COPY_PHASE_STRIP = NO;
				DEBUG_INFORMATION_FORMAT = dwarf;
				ENABLE_STRICT_OBJC_MSGSEND = YES;
				ENABLE_TESTABILITY = YES;
				GCC_C_LANGUAGE_STANDARD = gnu99;
				GCC_DYNAMIC_NO_PIC = NO;
				GCC_NO_COMMON_BLOCKS = YES;
				GCC_OPTIMIZATION_LEVEL = 0;
				GCC_PREPROCESSOR_DEFINITIONS = (
					"DEBUG=1",
					"$(inherited)",
				);
				GCC_WARN_64_TO_32_BIT_CONVERSION = YES;
				GCC_WARN_ABOUT_RETURN_TYPE = YES_ERROR;
				GCC_WARN_UNDECLARED_SELECTOR = YES;
				GCC_WARN_UNINITIALIZED_AUTOS = YES_AGGRESSIVE;
				GCC_WARN_UNUSED_FUNCTION = YES;
				GCC_WARN_UNUSED_VARIABLE = YES;
				IPHONEOS_DEPLOYMENT_TARGET = 10.2;
				MTL_ENABLE_DEBUG_INFO = YES;
				ONLY_ACTIVE_ARCH = YES;
				SDKROOT = iphoneos;
				SWIFT_ACTIVE_COMPILATION_CONDITIONS = DEBUG;
				SWIFT_OPTIMIZATION_LEVEL = "-Onone";
			};
			name = Debug;
		};
		80F911FF1E2D13DB004A2B85 /* Release */ = {
			isa = XCBuildConfiguration;
			buildSettings = {
				ALWAYS_SEARCH_USER_PATHS = NO;
				CLANG_ANALYZER_NONNULL = YES;
				CLANG_CXX_LANGUAGE_STANDARD = "gnu++0x";
				CLANG_CXX_LIBRARY = "libc++";
				CLANG_ENABLE_MODULES = YES;
				CLANG_ENABLE_OBJC_ARC = YES;
				CLANG_WARN_BOOL_CONVERSION = YES;
				CLANG_WARN_CONSTANT_CONVERSION = YES;
				CLANG_WARN_DIRECT_OBJC_ISA_USAGE = YES_ERROR;
				CLANG_WARN_DOCUMENTATION_COMMENTS = YES;
				CLANG_WARN_EMPTY_BODY = YES;
				CLANG_WARN_ENUM_CONVERSION = YES;
				CLANG_WARN_INFINITE_RECURSION = YES;
				CLANG_WARN_INT_CONVERSION = YES;
				CLANG_WARN_OBJC_ROOT_CLASS = YES_ERROR;
				CLANG_WARN_SUSPICIOUS_MOVE = YES;
				CLANG_WARN_UNREACHABLE_CODE = YES;
				CLANG_WARN__DUPLICATE_METHOD_MATCH = YES;
				"CODE_SIGN_IDENTITY[sdk=iphoneos*]" = "iPhone Developer";
				COPY_PHASE_STRIP = NO;
				DEBUG_INFORMATION_FORMAT = "dwarf-with-dsym";
				ENABLE_NS_ASSERTIONS = NO;
				ENABLE_STRICT_OBJC_MSGSEND = YES;
				GCC_C_LANGUAGE_STANDARD = gnu99;
				GCC_NO_COMMON_BLOCKS = YES;
				GCC_WARN_64_TO_32_BIT_CONVERSION = YES;
				GCC_WARN_ABOUT_RETURN_TYPE = YES_ERROR;
				GCC_WARN_UNDECLARED_SELECTOR = YES;
				GCC_WARN_UNINITIALIZED_AUTOS = YES_AGGRESSIVE;
				GCC_WARN_UNUSED_FUNCTION = YES;
				GCC_WARN_UNUSED_VARIABLE = YES;
				IPHONEOS_DEPLOYMENT_TARGET = 10.2;
				MTL_ENABLE_DEBUG_INFO = NO;
				SDKROOT = iphoneos;
				SWIFT_OPTIMIZATION_LEVEL = "-Owholemodule";
				VALIDATE_PRODUCT = YES;
			};
			name = Release;
		};
		80F912011E2D13DB004A2B85 /* Debug */ = {
			isa = XCBuildConfiguration;
			buildSettings = {
				ASSETCATALOG_COMPILER_APPICON_NAME = AppIcon;
				INFOPLIST_FILE = test/Info.plist;
				LD_RUNPATH_SEARCH_PATHS = "$(inherited) @executable_path/Frameworks";
				PRODUCT_BUNDLE_IDENTIFIER = hlm.test;
				PRODUCT_NAME = "$(TARGET_NAME)";
				SWIFT_VERSION = 3.0;
			};
			name = Debug;
		};
		80F912021E2D13DB004A2B85 /* Release */ = {
			isa = XCBuildConfiguration;
			buildSettings = {
				ASSETCATALOG_COMPILER_APPICON_NAME = AppIcon;
				INFOPLIST_FILE = test/Info.plist;
				LD_RUNPATH_SEARCH_PATHS = "$(inherited) @executable_path/Frameworks";
				PRODUCT_BUNDLE_IDENTIFIER = hlm.test;
				PRODUCT_NAME = "$(TARGET_NAME)";
				SWIFT_VERSION = 3.0;
			};
			name = Release;
		};
/* End XCBuildConfiguration section */

/* Begin XCConfigurationList section */
		80F911E41E2D13DB004A2B85 /* Build configuration list for PBXProject "test" */ = {
			isa = XCConfigurationList;
			buildConfigurations = (
				80F911FE1E2D13DB004A2B85 /* Debug */,
				80F911FF1E2D13DB004A2B85 /* Release */,
			);
			defaultConfigurationIsVisible = 0;
			defaultConfigurationName = Release;
		};
		80F912001E2D13DB004A2B85 /* Build configuration list for PBXNativeTarget "test" */ = {
			isa = XCConfigurationList;
			buildConfigurations = (
				80F912011E2D13DB004A2B85 /* Debug */,
				80F912021E2D13DB004A2B85 /* Release */,
			);
			defaultConfigurationIsVisible = 0;
		};
/* End XCConfigurationList section */
	};
	rootObject = 80F911E11E2D13DB004A2B85 /* Project object */;
}
